
Microsoft Visual Studio Solution File, Format Version 12.00
# Visual Studio Version 16
VisualStudioVersion = 16.0.30011.22
MinimumVisualStudioVersion = 10.0.40219.1
Project("{8BC9CEB8-8B4A-11D0-8D11-00A0C91BC942}") = "CudaSamples", "CudaSamples\CudaSamples.vcxproj", "{43FBE74F-7B7A-461C-9E5D-A5636B4195BD}"
EndProject
Project("{8BC9CEB8-8B4A-11D0-8D11-00A0C91BC942}") = "WarpSample", "WarpSample\WarpSample.vcxproj", "{B4CD56F7-7870-4C46-A118-12C27D16AFE2}"
EndProject
Project("{8BC9CEB8-8B4A-11D0-8D11-00A0C91BC942}") = "ParallelReduction", "ParallelReduction\ParallelReduction.vcxproj", "{4E105077-DC62-4899-B715-3A939EB1A4A7}"
EndProject
Project("{8BC9CEB8-8B4A-11D0-8D11-00A0C91BC942}") = "PinnedMemory", "PinnedMemory\PinnedMemory.vcxproj", "{FC70D1BD-B22D-463D-B292-FBA68964A907}"
EndProject
Global
	GlobalSection(SolutionConfigurationPlatforms) = preSolution
		Debug|x64 = Debug|x64
		Release|x64 = Release|x64
	EndGlobalSection
	GlobalSection(ProjectConfigurationPlatforms) = postSolution
		{43FBE74F-7B7A-461C-9E5D-A5636B4195BD}.Debug|x64.ActiveCfg = Debug|x64
		{43FBE74F-7B7A-461C-9E5D-A5636B4195BD}.Debug|x64.Build.0 = Debug|x64
		{43FBE74F-7B7A-461C-9E5D-A5636B4195BD}.Release|x64.ActiveCfg = Release|x64
		{43FBE74F-7B7A-461C-9E5D-A5636B4195BD}.Release|x64.Build.0 = Release|x64
		{B4CD56F7-7870-4C46-A118-12C27D16AFE2}.Debug|x64.ActiveCfg = Debug|x64
		{B4CD56F7-7870-4C46-A118-12C27D16AFE2}.Debug|x64.Build.0 = Debug|x64
		{B4CD56F7-7870-4C46-A118-12C27D16AFE2}.Release|x64.ActiveCfg = Release|x64
		{B4CD56F7-7870-4C46-A118-12C27D16AFE2}.Release|x64.Build.0 = Release|x64
		{4E105077-DC62-4899-B715-3A939EB1A4A7}.Debug|x64.ActiveCfg = Debug|x64
		{4E105077-DC62-4899-B715-3A939EB1A4A7}.Debug|x64.Build.0 = Debug|x64
		{4E105077-DC62-4899-B715-3A939EB1A4A7}.Release|x64.ActiveCfg = Release|x64
		{4E105077-DC62-4899-B715-3A939EB1A4A7}.Release|x64.Build.0 = Release|x64
		{FC70D1BD-B22D-463D-B292-FBA68964A907}.Debug|x64.ActiveCfg = Debug|x64
		{FC70D1BD-B22D-463D-B292-FBA68964A907}.Debug|x64.Build.0 = Debug|x64
		{FC70D1BD-B22D-463D-B292-FBA68964A907}.Release|x64.ActiveCfg = Release|x64
		{FC70D1BD-B22D-463D-B292-FBA68964A907}.Release|x64.Build.0 = Release|x64
	EndGlobalSection
	GlobalSection(SolutionProperties) = preSolution
		HideSolutionNode = FALSE
	EndGlobalSection
	GlobalSection(ExtensibilityGlobals) = postSolution
		SolutionGuid = {A4459716-9FF3-4EB9-BCC1-B84F9168B175}
	EndGlobalSection
EndGlobal
